// !$*UTF8*$!
{
	archiveVersion = 1;
	classes = {
	};
	objectVersion = 50;
	objects = {

/* Begin PBXBuildFile section */
		B583A26126220DC1007D5B22 /* Task.swift in Sources */ = {isa = PBXBuildFile; fileRef = B583A26026220DC1007D5B22 /* Task.swift */; };
		B583A26426223D60007D5B22 /* NightWatchTasks.swift in Sources */ = {isa = PBXBuildFile; fileRef = B583A26326223D60007D5B22 /* NightWatchTasks.swift */; };
		B5DD2986261D09E9006675A7 /* NightwatchApp.swift in Sources */ = {isa = PBXBuildFile; fileRef = B5DD2985261D09E9006675A7 /* NightwatchApp.swift */; };
		B5DD2988261D09E9006675A7 /* ContentView.swift in Sources */ = {isa = PBXBuildFile; fileRef = B5DD2987261D09E9006675A7 /* ContentView.swift */; };
		B5DD298A261D09ED006675A7 /* Assets.xcassets in Resources */ = {isa = PBXBuildFile; fileRef = B5DD2989261D09ED006675A7 /* Assets.xcassets */; };
		B5DD298D261D09ED006675A7 /* Preview Assets.xcassets in Resources */ = {isa = PBXBuildFile; fileRef = B5DD298C261D09ED006675A7 /* Preview Assets.xcassets */; };
		B5DD2996261DEB86006675A7 /* DetailsView.swift in Sources */ = {isa = PBXBuildFile; fileRef = B5DD2995261DEB86006675A7 /* DetailsView.swift */; };
/* End PBXBuildFile section */

/* Begin PBXFileReference section */
		B583A26026220DC1007D5B22 /* Task.swift */ = {isa = PBXFileReference; lastKnownFileType = sourcecode.swift; path = Task.swift; sourceTree = "<group>"; };
		B583A26326223D60007D5B22 /* NightWatchTasks.swift */ = {isa = PBXFileReference; lastKnownFileType = sourcecode.swift; path = NightWatchTasks.swift; sourceTree = "<group>"; };
		B5DD2982261D09E9006675A7 /* Nightwatch.app */ = {isa = PBXFileReference; explicitFileType = wrapper.application; includeInIndex = 0; path = Nightwatch.app; sourceTree = BUILT_PRODUCTS_DIR; };
		B5DD2985261D09E9006675A7 /* NightwatchApp.swift */ = {isa = PBXFileReference; lastKnownFileType = sourcecode.swift; path = NightwatchApp.swift; sourceTree = "<group>"; };
		B5DD2987261D09E9006675A7 /* ContentView.swift */ = {isa = PBXFileReference; lastKnownFileType = sourcecode.swift; path = ContentView.swift; sourceTree = "<group>"; };
		B5DD2989261D09ED006675A7 /* Assets.xcassets */ = {isa = PBXFileReference; lastKnownFileType = folder.assetcatalog; path = Assets.xcassets; sourceTree = "<group>"; };
		B5DD298C261D09ED006675A7 /* Preview Assets.xcassets */ = {isa = PBXFileReference; lastKnownFileType = folder.assetcatalog; path = "Preview Assets.xcassets"; sourceTree = "<group>"; };
		B5DD298E261D09ED006675A7 /* Info.plist */ = {isa = PBXFileReference; lastKnownFileType = text.plist.xml; path = Info.plist; sourceTree = "<group>"; };
		B5DD2995261DEB86006675A7 /* DetailsView.swift */ = {isa = PBXFileReference; lastKnownFileType = sourcecode.swift; path = DetailsView.swift; sourceTree = "<group>"; };
/* End PBXFileReference section */

/* Begin PBXFrameworksBuildPhase section */
		B5DD297F261D09E9006675A7 /* Frameworks */ = {
			isa = PBXFrameworksBuildPhase;
			buildActionMask = 2147483647;
			files = (
			);
			runOnlyForDeploymentPostprocessing = 0;
		};
/* End PBXFrameworksBuildPhase section */

/* Begin PBXGroup section */
		B5DD2979261D09E9006675A7 = {
			isa = PBXGroup;
			children = (
				B5DD2984261D09E9006675A7 /* Nightwatch */,
				B5DD2983261D09E9006675A7 /* Products */,
			);
			sourceTree = "<group>";
		};
		B5DD2983261D09E9006675A7 /* Products */ = {
			isa = PBXGroup;
			children = (
				B5DD2982261D09E9006675A7 /* Nightwatch.app */,
			);
			name = Products;
			sourceTree = "<group>";
		};
		B5DD2984261D09E9006675A7 /* Nightwatch */ = {
			isa = PBXGroup;
			children = (
				B5DD2985261D09E9006675A7 /* NightwatchApp.swift */,
				B5DD2987261D09E9006675A7 /* ContentView.swift */,
				B5DD2989261D09ED006675A7 /* Assets.xcassets */,
				B5DD298E261D09ED006675A7 /* Info.plist */,
				B5DD298B261D09ED006675A7 /* Preview Content */,
				B5DD2995261DEB86006675A7 /* DetailsView.swift */,
				B583A26026220DC1007D5B22 /* Task.swift */,
				B583A26326223D60007D5B22 /* NightWatchTasks.swift */,
			);
			path = Nightwatch;
			sourceTree = "<group>";
		};
		B5DD298B261D09ED006675A7 /* Preview Content */ = {
			isa = PBXGroup;
			children = (
				B5DD298C261D09ED006675A7 /* Preview Assets.xcassets */,
			);
			path = "Preview Content";
			sourceTree = "<group>";
		};
/* End PBXGroup section */

/* Begin PBXNativeTarget section */
		B5DD2981261D09E9006675A7 /* Nightwatch */ = {
			isa = PBXNativeTarget;
			buildConfigurationList = B5DD2991261D09ED006675A7 /* Build configuration list for PBXNativeTarget "Nightwatch" */;
			buildPhases = (
				B5DD297E261D09E9006675A7 /* Sources */,
				B5DD297F261D09E9006675A7 /* Frameworks */,
				B5DD2980261D09E9006675A7 /* Resources */,
			);
			buildRules = (
			);
			dependencies = (
			);
			name = Nightwatch;
			productName = Nightwatch;
			productReference = B5DD2982261D09E9006675A7 /* Nightwatch.app */;
			productType = "com.apple.product-type.application";
		};
/* End PBXNativeTarget section */

/* Begin PBXProject section */
		B5DD297A261D09E9006675A7 /* Project object */ = {
			isa = PBXProject;
			attributes = {
				LastSwiftUpdateCheck = 1240;
				LastUpgradeCheck = 1240;
				TargetAttributes = {
					B5DD2981261D09E9006675A7 = {
						CreatedOnToolsVersion = 12.4;
					};
				};
			};
			buildConfigurationList = B5DD297D261D09E9006675A7 /* Build configuration list for PBXProject "Nightwatch" */;
			compatibilityVersion = "Xcode 9.3";
			developmentRegion = en;
			hasScannedForEncodings = 0;
			knownRegions = (
				en,
				Base,
			);
			mainGroup = B5DD2979261D09E9006675A7;
			productRefGroup = B5DD2983261D09E9006675A7 /* Products */;
			projectDirPath = "";
			projectRoot = "";
			targets = (
				B5DD2981261D09E9006675A7 /* Nightwatch */,
			);
		};
/* End PBXProject section */

/* Begin PBXResourcesBuildPhase section */
		B5DD2980261D09E9006675A7 /* Resources */ = {
			isa = PBXResourcesBuildPhase;
			buildActionMask = 2147483647;
			files = (
				B5DD298D261D09ED006675A7 /* Preview Assets.xcassets in Resources */,
				B5DD298A261D09ED006675A7 /* Assets.xcassets in Resources */,
			);
			runOnlyForDeploymentPostprocessing = 0;
		};
/* End PBXResourcesBuildPhase section */

/* Begin PBXSourcesBuildPhase section */
		B5DD297E261D09E9006675A7 /* Sources */ = {
			isa = PBXSourcesBuildPhase;
			buildActionMask = 2147483647;
			files = (
				B583A26126220DC1007D5B22 /* Task.swift in Sources */,
				B5DD2988261D09E9006675A7 /* ContentView.swift in Sources */,
				B5DD2986261D09E9006675A7 /* NightwatchApp.swift in Sources */,
				B5DD2996261DEB86006675A7 /* DetailsView.swift in Sources */,
				B583A26426223D60007D5B22 /* NightWatchTasks.swift in Sources */,
			);
			runOnlyForDeploymentPostprocessing = 0;
		};
/* End PBXSourcesBuildPhase section */

/* Begin XCBuildConfiguration section */
		B5DD298F261D09ED006675A7 /* Debug */ = {
			isa = XCBuildConfiguration;
			buildSettings = {
				ALWAYS_SEARCH_USER_PATHS = NO;
				CLANG_ANALYZER_NONNULL = YES;
				CLANG_ANALYZER_NUMBER_OBJECT_CONVERSION = YES_AGGRESSIVE;
				CLANG_CXX_LANGUAGE_STANDARD = "gnu++14";
				CLANG_CXX_LIBRARY = "libc++";
				CLANG_ENABLE_MODULES = YES;
				CLANG_ENABLE_OBJC_ARC = YES;
				CLANG_ENABLE_OBJC_WEAK = YES;
				CLANG_WARN_BLOCK_CAPTURE_AUTORELEASING = YES;
				CLANG_WARN_BOOL_CONVERSION = YES;
				CLANG_WARN_COMMA = YES;
				CLANG_WARN_CONSTANT_CONVERSION = YES;
				CLANG_WARN_DEPRECATED_OBJC_IMPLEMENTATIONS = YES;
				CLANG_WARN_DIRECT_OBJC_ISA_USAGE = YES_ERROR;
				CLANG_WARN_DOCUMENTATION_COMMENTS = YES;
				CLANG_WARN_EMPTY_BODY = YES;
				CLANG_WARN_ENUM_CONVERSION = YES;
				CLANG_WARN_INFINITE_RECURSION = YES;
				CLANG_WARN_INT_CONVERSION = YES;
				CLANG_WARN_NON_LITERAL_NULL_CONVERSION = YES;
				CLANG_WARN_OBJC_IMPLICIT_RETAIN_SELF = YES;
				CLANG_WARN_OBJC_LITERAL_CONVERSION = YES;
				CLANG_WARN_OBJC_ROOT_CLASS = YES_ERROR;
				CLANG_WARN_QUOTED_INCLUDE_IN_FRAMEWORK_HEADER = YES;
				CLANG_WARN_RANGE_LOOP_ANALYSIS = YES;
				CLANG_WARN_STRICT_PROTOTYPES = YES;
				CLANG_WARN_SUSPICIOUS_MOVE = YES;
				CLANG_WARN_UNGUARDED_AVAILABILITY = YES_AGGRESSIVE;
				CLANG_WARN_UNREACHABLE_CODE = YES;
				CLANG_WARN__DUPLICATE_METHOD_MATCH = YES;
				COPY_PHASE_STRIP = NO;
				DEBUG_INFORMATION_FORMAT = dwarf;
				ENABLE_STRICT_OBJC_MSGSEND = YES;
				ENABLE_TESTABILITY = YES;
				GCC_C_LANGUAGE_STANDARD = gnu11;
				GCC_DYNAMIC_NO_PIC = NO;
				GCC_NO_COMMON_BLOCKS = YES;
				GCC_OPTIMIZATION_LEVEL = 0;
				GCC_PREPROCESSOR_DEFINITIONS = (
					"DEBUG=1",
					"$(inherited)",
				);
				GCC_WARN_64_TO_32_BIT_CONVERSION = YES;
				GCC_WARN_ABOUT_RETURN_TYPE = YES_ERROR;
				GCC_WARN_UNDECLARED_SELECTOR = YES;
				GCC_WARN_UNINITIALIZED_AUTOS = YES_AGGRESSIVE;
				GCC_WARN_UNUSED_FUNCTION = YES;
				GCC_WARN_UNUSED_VARIABLE = YES;
				IPHONEOS_DEPLOYMENT_TARGET = 14.4;
				MTL_ENABLE_DEBUG_INFO = INCLUDE_SOURCE;
				MTL_FAST_MATH = YES;
				ONLY_ACTIVE_ARCH = YES;
				SDKROOT = iphoneos;
				SWIFT_ACTIVE_COMPILATION_CONDITIONS = DEBUG;
				SWIFT_OPTIMIZATION_LEVEL = "-Onone";
			};
			name = Debug;
		};
		B5DD2990261D09ED006675A7 /* Release */ = {
			isa = XCBuildConfiguration;
			buildSettings = {
				ALWAYS_SEARCH_USER_PATHS = NO;
				CLANG_ANALYZER_NONNULL = YES;
				CLANG_ANALYZER_NUMBER_OBJECT_CONVERSION = YES_AGGRESSIVE;
				CLANG_CXX_LANGUAGE_STANDARD = "gnu++14";
				CLANG_CXX_LIBRARY = "libc++";
				CLANG_ENABLE_MODULES = YES;
				CLANG_ENABLE_OBJC_ARC = YES;
				CLANG_ENABLE_OBJC_WEAK = YES;
				CLANG_WARN_BLOCK_CAPTURE_AUTORELEASING = YES;
				CLANG_WARN_BOOL_CONVERSION = YES;
				CLANG_WARN_COMMA = YES;
				CLANG_WARN_CONSTANT_CONVERSION = YES;
				CLANG_WARN_DEPRECATED_OBJC_IMPLEMENTATIONS = YES;
				CLANG_WARN_DIRECT_OBJC_ISA_USAGE = YES_ERROR;
				CLANG_WARN_DOCUMENTATION_COMMENTS = YES;
				CLANG_WARN_EMPTY_BODY = YES;
				CLANG_WARN_ENUM_CONVERSION = YES;
				CLANG_WARN_INFINITE_RECURSION = YES;
				CLANG_WARN_INT_CONVERSION = YES;
				CLANG_WARN_NON_LITERAL_NULL_CONVERSION = YES;
				CLANG_WARN_OBJC_IMPLICIT_RETAIN_SELF = YES;
				CLANG_WARN_OBJC_LITERAL_CONVERSION = YES;
				CLANG_WARN_OBJC_ROOT_CLASS = YES_ERROR;
				CLANG_WARN_QUOTED_INCLUDE_IN_FRAMEWORK_HEADER = YES;
				CLANG_WARN_RANGE_LOOP_ANALYSIS = YES;
				CLANG_WARN_STRICT_PROTOTYPES = YES;
				CLANG_WARN_SUSPICIOUS_MOVE = YES;
				CLANG_WARN_UNGUARDED_AVAILABILITY = YES_AGGRESSIVE;
				CLANG_WARN_UNREACHABLE_CODE = YES;
				CLANG_WARN__DUPLICATE_METHOD_MATCH = YES;
				COPY_PHASE_STRIP = NO;
				DEBUG_INFORMATION_FORMAT = "dwarf-with-dsym";
				ENABLE_NS_ASSERTIONS = NO;
				ENABLE_STRICT_OBJC_MSGSEND = YES;
				GCC_C_LANGUAGE_STANDARD = gnu11;
				GCC_NO_COMMON_BLOCKS = YES;
				GCC_WARN_64_TO_32_BIT_CONVERSION = YES;
				GCC_WARN_ABOUT_RETURN_TYPE = YES_ERROR;
				GCC_WARN_UNDECLARED_SELECTOR = YES;
				GCC_WARN_UNINITIALIZED_AUTOS = YES_AGGRESSIVE;
				GCC_WARN_UNUSED_FUNCTION = YES;
				GCC_WARN_UNUSED_VARIABLE = YES;
				IPHONEOS_DEPLOYMENT_TARGET = 14.4;
				MTL_ENABLE_DEBUG_INFO = NO;
				MTL_FAST_MATH = YES;
				SDKROOT = iphoneos;
				SWIFT_COMPILATION_MODE = wholemodule;
				SWIFT_OPTIMIZATION_LEVEL = "-O";
				VALIDATE_PRODUCT = YES;
			};
			name = Release;
		};
		B5DD2992261D09ED006675A7 /* Debug */ = {
			isa = XCBuildConfiguration;
			buildSettings = {
				ASSETCATALOG_COMPILER_APPICON_NAME = AppIcon;
				ASSETCATALOG_COMPILER_GLOBAL_ACCENT_COLOR_NAME = AccentColor;
				CODE_SIGN_STYLE = Automatic;
				DEVELOPMENT_ASSET_PATHS = "\"Nightwatch/Preview Content\"";
				ENABLE_PREVIEWS = YES;
				INFOPLIST_FILE = Nightwatch/Info.plist;
				IPHONEOS_DEPLOYMENT_TARGET = 14.0;
				LD_RUNPATH_SEARCH_PATHS = (
					"$(inherited)",
					"@executable_path/Frameworks",
				);
				PRODUCT_BUNDLE_IDENTIFIER = com.sowmoussa.Nightwatch;
				PRODUCT_NAME = "$(TARGET_NAME)";
				SWIFT_VERSION = 5.0;
				TARGETED_DEVICE_FAMILY = "1,2";
			};
			name = Debug;
		};
		B5DD2993261D09ED006675A7 /* Release */ = {
			isa = XCBuildConfiguration;
			buildSettings = {
				ASSETCATALOG_COMPILER_APPICON_NAME = AppIcon;
				ASSETCATALOG_COMPILER_GLOBAL_ACCENT_COLOR_NAME = AccentColor;
				CODE_SIGN_STYLE = Automatic;
				DEVELOPMENT_ASSET_PATHS = "\"Nightwatch/Preview Content\"";
				ENABLE_PREVIEWS = YES;
				INFOPLIST_FILE = Nightwatch/Info.plist;
				IPHONEOS_DEPLOYMENT_TARGET = 14.0;
				LD_RUNPATH_SEARCH_PATHS = (
					"$(inherited)",
					"@executable_path/Frameworks",
				);
				PRODUCT_BUNDLE_IDENTIFIER = com.sowmoussa.Nightwatch;
				PRODUCT_NAME = "$(TARGET_NAME)";
				SWIFT_VERSION = 5.0;
				TARGETED_DEVICE_FAMILY = "1,2";
			};
			name = Release;
		};
/* End XCBuildConfiguration section */

/* Begin XCConfigurationList section */
		B5DD297D261D09E9006675A7 /* Build configuration list for PBXProject "Nightwatch" */ = {
			isa = XCConfigurationList;
			buildConfigurations = (
				B5DD298F261D09ED006675A7 /* Debug */,
				B5DD2990261D09ED006675A7 /* Release */,
			);
			defaultConfigurationIsVisible = 0;
			defaultConfigurationName = Release;
		};
		B5DD2991261D09ED006675A7 /* Build configuration list for PBXNativeTarget "Nightwatch" */ = {
			isa = XCConfigurationList;
			buildConfigurations = (
				B5DD2992261D09ED006675A7 /* Debug */,
				B5DD2993261D09ED006675A7 /* Release */,
			);
			defaultConfigurationIsVisible = 0;
			defaultConfigurationName = Release;
		};
/* End XCConfigurationList section */
	};
	rootObject = B5DD297A261D09E9006675A7 /* Project object */;
}
