// !$*UTF8*$!
{
	archiveVersion = 1;
	classes = {
	};
	objectVersion = 50;
	objects = {

/* Begin PBXBuildFile section */
		08BF980E2500D7BB00EC9053 /* AppDelegate.swift in Sources */ = {isa = PBXBuildFile; fileRef = 08BF980D2500D7BB00EC9053 /* AppDelegate.swift */; };
		08BF98102500D7BB00EC9053 /* SceneDelegate.swift in Sources */ = {isa = PBXBuildFile; fileRef = 08BF980F2500D7BB00EC9053 /* SceneDelegate.swift */; };
		08BF98122500D7BB00EC9053 /* HomeController.swift in Sources */ = {isa = PBXBuildFile; fileRef = 08BF98112500D7BB00EC9053 /* HomeController.swift */; };
		08BF98152500D7BB00EC9053 /* Main.storyboard in Resources */ = {isa = PBXBuildFile; fileRef = 08BF98132500D7BB00EC9053 /* Main.storyboard */; };
		08BF98172500D7BC00EC9053 /* Assets.xcassets in Resources */ = {isa = PBXBuildFile; fileRef = 08BF98162500D7BC00EC9053 /* Assets.xcassets */; };
		08BF981A2500D7BC00EC9053 /* LaunchScreen.storyboard in Resources */ = {isa = PBXBuildFile; fileRef = 08BF98182500D7BC00EC9053 /* LaunchScreen.storyboard */; };
		08BF98222500D7D600EC9053 /* blippo.ttf in Resources */ = {isa = PBXBuildFile; fileRef = 08BF98212500D7D600EC9053 /* blippo.ttf */; };
		08BF98242500D81700EC9053 /* PlaymobilCategory.swift in Sources */ = {isa = PBXBuildFile; fileRef = 08BF98232500D81700EC9053 /* PlaymobilCategory.swift */; };
		08BF98262500D85A00EC9053 /* Playmobil.swift in Sources */ = {isa = PBXBuildFile; fileRef = 08BF98252500D85A00EC9053 /* Playmobil.swift */; };
		08BF98282500D8BB00EC9053 /* Datas.swift in Sources */ = {isa = PBXBuildFile; fileRef = 08BF98272500D8BB00EC9053 /* Datas.swift */; };
		08BF982A2500DBA100EC9053 /* CategoryCell.swift in Sources */ = {isa = PBXBuildFile; fileRef = 08BF98292500DBA100EC9053 /* CategoryCell.swift */; };
		08BF982C2500DD6A00EC9053 /* PlaymobilController.swift in Sources */ = {isa = PBXBuildFile; fileRef = 08BF982B2500DD6A00EC9053 /* PlaymobilController.swift */; };
		08BF982E2500DF4100EC9053 /* PlaymoCell.swift in Sources */ = {isa = PBXBuildFile; fileRef = 08BF982D2500DF4100EC9053 /* PlaymoCell.swift */; };
		08BF98302500E31A00EC9053 /* CartCell.swift in Sources */ = {isa = PBXBuildFile; fileRef = 08BF982F2500E31A00EC9053 /* CartCell.swift */; };
		08BF98322500E32F00EC9053 /* CartController.swift in Sources */ = {isa = PBXBuildFile; fileRef = 08BF98312500E32F00EC9053 /* CartController.swift */; };
/* End PBXBuildFile section */

/* Begin PBXFileReference section */
		08BF980A2500D7BB00EC9053 /* My Playmo.app */ = {isa = PBXFileReference; explicitFileType = wrapper.application; includeInIndex = 0; path = "My Playmo.app"; sourceTree = BUILT_PRODUCTS_DIR; };
		08BF980D2500D7BB00EC9053 /* AppDelegate.swift */ = {isa = PBXFileReference; lastKnownFileType = sourcecode.swift; path = AppDelegate.swift; sourceTree = "<group>"; };
		08BF980F2500D7BB00EC9053 /* SceneDelegate.swift */ = {isa = PBXFileReference; lastKnownFileType = sourcecode.swift; path = SceneDelegate.swift; sourceTree = "<group>"; };
		08BF98112500D7BB00EC9053 /* HomeController.swift */ = {isa = PBXFileReference; lastKnownFileType = sourcecode.swift; path = HomeController.swift; sourceTree = "<group>"; };
		08BF98142500D7BB00EC9053 /* Base */ = {isa = PBXFileReference; lastKnownFileType = file.storyboard; name = Base; path = Base.lproj/Main.storyboard; sourceTree = "<group>"; };
		08BF98162500D7BC00EC9053 /* Assets.xcassets */ = {isa = PBXFileReference; lastKnownFileType = folder.assetcatalog; path = Assets.xcassets; sourceTree = "<group>"; };
		08BF98192500D7BC00EC9053 /* Base */ = {isa = PBXFileReference; lastKnownFileType = file.storyboard; name = Base; path = Base.lproj/LaunchScreen.storyboard; sourceTree = "<group>"; };
		08BF981B2500D7BC00EC9053 /* Info.plist */ = {isa = PBXFileReference; lastKnownFileType = text.plist.xml; path = Info.plist; sourceTree = "<group>"; };
		08BF98212500D7D600EC9053 /* blippo.ttf */ = {isa = PBXFileReference; lastKnownFileType = file; path = blippo.ttf; sourceTree = "<group>"; };
		08BF98232500D81700EC9053 /* PlaymobilCategory.swift */ = {isa = PBXFileReference; lastKnownFileType = sourcecode.swift; path = PlaymobilCategory.swift; sourceTree = "<group>"; };
		08BF98252500D85A00EC9053 /* Playmobil.swift */ = {isa = PBXFileReference; lastKnownFileType = sourcecode.swift; path = Playmobil.swift; sourceTree = "<group>"; };
		08BF98272500D8BB00EC9053 /* Datas.swift */ = {isa = PBXFileReference; lastKnownFileType = sourcecode.swift; path = Datas.swift; sourceTree = "<group>"; };
		08BF98292500DBA100EC9053 /* CategoryCell.swift */ = {isa = PBXFileReference; lastKnownFileType = sourcecode.swift; path = CategoryCell.swift; sourceTree = "<group>"; };
		08BF982B2500DD6A00EC9053 /* PlaymobilController.swift */ = {isa = PBXFileReference; lastKnownFileType = sourcecode.swift; path = PlaymobilController.swift; sourceTree = "<group>"; };
		08BF982D2500DF4100EC9053 /* PlaymoCell.swift */ = {isa = PBXFileReference; lastKnownFileType = sourcecode.swift; path = PlaymoCell.swift; sourceTree = "<group>"; };
		08BF982F2500E31A00EC9053 /* CartCell.swift */ = {isa = PBXFileReference; lastKnownFileType = sourcecode.swift; path = CartCell.swift; sourceTree = "<group>"; };
		08BF98312500E32F00EC9053 /* CartController.swift */ = {isa = PBXFileReference; lastKnownFileType = sourcecode.swift; path = CartController.swift; sourceTree = "<group>"; };
/* End PBXFileReference section */

/* Begin PBXFrameworksBuildPhase section */
		08BF98072500D7BB00EC9053 /* Frameworks */ = {
			isa = PBXFrameworksBuildPhase;
			buildActionMask = 2147483647;
			files = (
			);
			runOnlyForDeploymentPostprocessing = 0;
		};
/* End PBXFrameworksBuildPhase section */

/* Begin PBXGroup section */
		08BF98012500D7BB00EC9053 = {
			isa = PBXGroup;
			children = (
				08BF980C2500D7BB00EC9053 /* My Playmo */,
				08BF980B2500D7BB00EC9053 /* Products */,
			);
			sourceTree = "<group>";
		};
		08BF980B2500D7BB00EC9053 /* Products */ = {
			isa = PBXGroup;
			children = (
				08BF980A2500D7BB00EC9053 /* My Playmo.app */,
			);
			name = Products;
			sourceTree = "<group>";
		};
		08BF980C2500D7BB00EC9053 /* My Playmo */ = {
			isa = PBXGroup;
			children = (
				08BF98212500D7D600EC9053 /* blippo.ttf */,
				08BF980D2500D7BB00EC9053 /* AppDelegate.swift */,
				08BF980F2500D7BB00EC9053 /* SceneDelegate.swift */,
				08BF98112500D7BB00EC9053 /* HomeController.swift */,
				08BF98132500D7BB00EC9053 /* Main.storyboard */,
				08BF98162500D7BC00EC9053 /* Assets.xcassets */,
				08BF98182500D7BC00EC9053 /* LaunchScreen.storyboard */,
				08BF981B2500D7BC00EC9053 /* Info.plist */,
				08BF98232500D81700EC9053 /* PlaymobilCategory.swift */,
				08BF98252500D85A00EC9053 /* Playmobil.swift */,
				08BF98272500D8BB00EC9053 /* Datas.swift */,
				08BF98292500DBA100EC9053 /* CategoryCell.swift */,
				08BF982B2500DD6A00EC9053 /* PlaymobilController.swift */,
				08BF982D2500DF4100EC9053 /* PlaymoCell.swift */,
				08BF982F2500E31A00EC9053 /* CartCell.swift */,
				08BF98312500E32F00EC9053 /* CartController.swift */,
			);
			path = "My Playmo";
			sourceTree = "<group>";
		};
/* End PBXGroup section */

/* Begin PBXNativeTarget section */
		08BF98092500D7BB00EC9053 /* My Playmo */ = {
			isa = PBXNativeTarget;
			buildConfigurationList = 08BF981E2500D7BC00EC9053 /* Build configuration list for PBXNativeTarget "My Playmo" */;
			buildPhases = (
				08BF98062500D7BB00EC9053 /* Sources */,
				08BF98072500D7BB00EC9053 /* Frameworks */,
				08BF98082500D7BB00EC9053 /* Resources */,
			);
			buildRules = (
			);
			dependencies = (
			);
			name = "My Playmo";
			productName = "My Playmo";
			productReference = 08BF980A2500D7BB00EC9053 /* My Playmo.app */;
			productType = "com.apple.product-type.application";
		};
/* End PBXNativeTarget section */

/* Begin PBXProject section */
		08BF98022500D7BB00EC9053 /* Project object */ = {
			isa = PBXProject;
			attributes = {
				LastSwiftUpdateCheck = 1200;
				LastUpgradeCheck = 1200;
				TargetAttributes = {
					08BF98092500D7BB00EC9053 = {
						CreatedOnToolsVersion = 12.0;
					};
				};
			};
			buildConfigurationList = 08BF98052500D7BB00EC9053 /* Build configuration list for PBXProject "My Playmo" */;
			compatibilityVersion = "Xcode 9.3";
			developmentRegion = en;
			hasScannedForEncodings = 0;
			knownRegions = (
				en,
				Base,
			);
			mainGroup = 08BF98012500D7BB00EC9053;
			productRefGroup = 08BF980B2500D7BB00EC9053 /* Products */;
			projectDirPath = "";
			projectRoot = "";
			targets = (
				08BF98092500D7BB00EC9053 /* My Playmo */,
			);
		};
/* End PBXProject section */

/* Begin PBXResourcesBuildPhase section */
		08BF98082500D7BB00EC9053 /* Resources */ = {
			isa = PBXResourcesBuildPhase;
			buildActionMask = 2147483647;
			files = (
				08BF98222500D7D600EC9053 /* blippo.ttf in Resources */,
				08BF981A2500D7BC00EC9053 /* LaunchScreen.storyboard in Resources */,
				08BF98172500D7BC00EC9053 /* Assets.xcassets in Resources */,
				08BF98152500D7BB00EC9053 /* Main.storyboard in Resources */,
			);
			runOnlyForDeploymentPostprocessing = 0;
		};
/* End PBXResourcesBuildPhase section */

/* Begin PBXSourcesBuildPhase section */
		08BF98062500D7BB00EC9053 /* Sources */ = {
			isa = PBXSourcesBuildPhase;
			buildActionMask = 2147483647;
			files = (
				08BF98322500E32F00EC9053 /* CartController.swift in Sources */,
				08BF98122500D7BB00EC9053 /* HomeController.swift in Sources */,
				08BF98302500E31A00EC9053 /* CartCell.swift in Sources */,
				08BF982C2500DD6A00EC9053 /* PlaymobilController.swift in Sources */,
				08BF98282500D8BB00EC9053 /* Datas.swift in Sources */,
				08BF98242500D81700EC9053 /* PlaymobilCategory.swift in Sources */,
				08BF982A2500DBA100EC9053 /* CategoryCell.swift in Sources */,
				08BF980E2500D7BB00EC9053 /* AppDelegate.swift in Sources */,
				08BF98102500D7BB00EC9053 /* SceneDelegate.swift in Sources */,
				08BF982E2500DF4100EC9053 /* PlaymoCell.swift in Sources */,
				08BF98262500D85A00EC9053 /* Playmobil.swift in Sources */,
			);
			runOnlyForDeploymentPostprocessing = 0;
		};
/* End PBXSourcesBuildPhase section */

/* Begin PBXVariantGroup section */
		08BF98132500D7BB00EC9053 /* Main.storyboard */ = {
			isa = PBXVariantGroup;
			children = (
				08BF98142500D7BB00EC9053 /* Base */,
			);
			name = Main.storyboard;
			sourceTree = "<group>";
		};
		08BF98182500D7BC00EC9053 /* LaunchScreen.storyboard */ = {
			isa = PBXVariantGroup;
			children = (
				08BF98192500D7BC00EC9053 /* Base */,
			);
			name = LaunchScreen.storyboard;
			sourceTree = "<group>";
		};
/* End PBXVariantGroup section */

/* Begin XCBuildConfiguration section */
		08BF981C2500D7BC00EC9053 /* Debug */ = {
			isa = XCBuildConfiguration;
			buildSettings = {
				ALWAYS_SEARCH_USER_PATHS = NO;
				CLANG_ANALYZER_NONNULL = YES;
				CLANG_ANALYZER_NUMBER_OBJECT_CONVERSION = YES_AGGRESSIVE;
				CLANG_CXX_LANGUAGE_STANDARD = "gnu++14";
				CLANG_CXX_LIBRARY = "libc++";
				CLANG_ENABLE_MODULES = YES;
				CLANG_ENABLE_OBJC_ARC = YES;
				CLANG_ENABLE_OBJC_WEAK = YES;
				CLANG_WARN_BLOCK_CAPTURE_AUTORELEASING = YES;
				CLANG_WARN_BOOL_CONVERSION = YES;
				CLANG_WARN_COMMA = YES;
				CLANG_WARN_CONSTANT_CONVERSION = YES;
				CLANG_WARN_DEPRECATED_OBJC_IMPLEMENTATIONS = YES;
				CLANG_WARN_DIRECT_OBJC_ISA_USAGE = YES_ERROR;
				CLANG_WARN_DOCUMENTATION_COMMENTS = YES;
				CLANG_WARN_EMPTY_BODY = YES;
				CLANG_WARN_ENUM_CONVERSION = YES;
				CLANG_WARN_INFINITE_RECURSION = YES;
				CLANG_WARN_INT_CONVERSION = YES;
				CLANG_WARN_NON_LITERAL_NULL_CONVERSION = YES;
				CLANG_WARN_OBJC_IMPLICIT_RETAIN_SELF = YES;
				CLANG_WARN_OBJC_LITERAL_CONVERSION = YES;
				CLANG_WARN_OBJC_ROOT_CLASS = YES_ERROR;
				CLANG_WARN_QUOTED_INCLUDE_IN_FRAMEWORK_HEADER = YES;
				CLANG_WARN_RANGE_LOOP_ANALYSIS = YES;
				CLANG_WARN_STRICT_PROTOTYPES = YES;
				CLANG_WARN_SUSPICIOUS_MOVE = YES;
				CLANG_WARN_UNGUARDED_AVAILABILITY = YES_AGGRESSIVE;
				CLANG_WARN_UNREACHABLE_CODE = YES;
				CLANG_WARN__DUPLICATE_METHOD_MATCH = YES;
				COPY_PHASE_STRIP = NO;
				DEBUG_INFORMATION_FORMAT = dwarf;
				ENABLE_STRICT_OBJC_MSGSEND = YES;
				ENABLE_TESTABILITY = YES;
				GCC_C_LANGUAGE_STANDARD = gnu11;
				GCC_DYNAMIC_NO_PIC = NO;
				GCC_NO_COMMON_BLOCKS = YES;
				GCC_OPTIMIZATION_LEVEL = 0;
				GCC_PREPROCESSOR_DEFINITIONS = (
					"DEBUG=1",
					"$(inherited)",
				);
				GCC_WARN_64_TO_32_BIT_CONVERSION = YES;
				GCC_WARN_ABOUT_RETURN_TYPE = YES_ERROR;
				GCC_WARN_UNDECLARED_SELECTOR = YES;
				GCC_WARN_UNINITIALIZED_AUTOS = YES_AGGRESSIVE;
				GCC_WARN_UNUSED_FUNCTION = YES;
				GCC_WARN_UNUSED_VARIABLE = YES;
				IPHONEOS_DEPLOYMENT_TARGET = 14.0;
				MTL_ENABLE_DEBUG_INFO = INCLUDE_SOURCE;
				MTL_FAST_MATH = YES;
				ONLY_ACTIVE_ARCH = YES;
				SDKROOT = iphoneos;
				SWIFT_ACTIVE_COMPILATION_CONDITIONS = DEBUG;
				SWIFT_OPTIMIZATION_LEVEL = "-Onone";
			};
			name = Debug;
		};
		08BF981D2500D7BC00EC9053 /* Release */ = {
			isa = XCBuildConfiguration;
			buildSettings = {
				ALWAYS_SEARCH_USER_PATHS = NO;
				CLANG_ANALYZER_NONNULL = YES;
				CLANG_ANALYZER_NUMBER_OBJECT_CONVERSION = YES_AGGRESSIVE;
				CLANG_CXX_LANGUAGE_STANDARD = "gnu++14";
				CLANG_CXX_LIBRARY = "libc++";
				CLANG_ENABLE_MODULES = YES;
				CLANG_ENABLE_OBJC_ARC = YES;
				CLANG_ENABLE_OBJC_WEAK = YES;
				CLANG_WARN_BLOCK_CAPTURE_AUTORELEASING = YES;
				CLANG_WARN_BOOL_CONVERSION = YES;
				CLANG_WARN_COMMA = YES;
				CLANG_WARN_CONSTANT_CONVERSION = YES;
				CLANG_WARN_DEPRECATED_OBJC_IMPLEMENTATIONS = YES;
				CLANG_WARN_DIRECT_OBJC_ISA_USAGE = YES_ERROR;
				CLANG_WARN_DOCUMENTATION_COMMENTS = YES;
				CLANG_WARN_EMPTY_BODY = YES;
				CLANG_WARN_ENUM_CONVERSION = YES;
				CLANG_WARN_INFINITE_RECURSION = YES;
				CLANG_WARN_INT_CONVERSION = YES;
				CLANG_WARN_NON_LITERAL_NULL_CONVERSION = YES;
				CLANG_WARN_OBJC_IMPLICIT_RETAIN_SELF = YES;
				CLANG_WARN_OBJC_LITERAL_CONVERSION = YES;
				CLANG_WARN_OBJC_ROOT_CLASS = YES_ERROR;
				CLANG_WARN_QUOTED_INCLUDE_IN_FRAMEWORK_HEADER = YES;
				CLANG_WARN_RANGE_LOOP_ANALYSIS = YES;
				CLANG_WARN_STRICT_PROTOTYPES = YES;
				CLANG_WARN_SUSPICIOUS_MOVE = YES;
				CLANG_WARN_UNGUARDED_AVAILABILITY = YES_AGGRESSIVE;
				CLANG_WARN_UNREACHABLE_CODE = YES;
				CLANG_WARN__DUPLICATE_METHOD_MATCH = YES;
				COPY_PHASE_STRIP = NO;
				DEBUG_INFORMATION_FORMAT = "dwarf-with-dsym";
				ENABLE_NS_ASSERTIONS = NO;
				ENABLE_STRICT_OBJC_MSGSEND = YES;
				GCC_C_LANGUAGE_STANDARD = gnu11;
				GCC_NO_COMMON_BLOCKS = YES;
				GCC_WARN_64_TO_32_BIT_CONVERSION = YES;
				GCC_WARN_ABOUT_RETURN_TYPE = YES_ERROR;
				GCC_WARN_UNDECLARED_SELECTOR = YES;
				GCC_WARN_UNINITIALIZED_AUTOS = YES_AGGRESSIVE;
				GCC_WARN_UNUSED_FUNCTION = YES;
				GCC_WARN_UNUSED_VARIABLE = YES;
				IPHONEOS_DEPLOYMENT_TARGET = 14.0;
				MTL_ENABLE_DEBUG_INFO = NO;
				MTL_FAST_MATH = YES;
				SDKROOT = iphoneos;
				SWIFT_COMPILATION_MODE = wholemodule;
				SWIFT_OPTIMIZATION_LEVEL = "-O";
				VALIDATE_PRODUCT = YES;
			};
			name = Release;
		};
		08BF981F2500D7BC00EC9053 /* Debug */ = {
			isa = XCBuildConfiguration;
			buildSettings = {
				ASSETCATALOG_COMPILER_APPICON_NAME = AppIcon;
				ASSETCATALOG_COMPILER_GLOBAL_ACCENT_COLOR_NAME = AccentColor;
				CODE_SIGN_STYLE = Automatic;
				DEVELOPMENT_TEAM = Q3T485N255;
				INFOPLIST_FILE = "My Playmo/Info.plist";
				LD_RUNPATH_SEARCH_PATHS = (
					"$(inherited)",
					"@executable_path/Frameworks",
				);
				PRODUCT_BUNDLE_IDENTIFIER = "com.codabee.My-Playmo";
				PRODUCT_NAME = "$(TARGET_NAME)";
				SWIFT_VERSION = 5.0;
				TARGETED_DEVICE_FAMILY = "1,2";
			};
			name = Debug;
		};
		08BF98202500D7BC00EC9053 /* Release */ = {
			isa = XCBuildConfiguration;
			buildSettings = {
				ASSETCATALOG_COMPILER_APPICON_NAME = AppIcon;
				ASSETCATALOG_COMPILER_GLOBAL_ACCENT_COLOR_NAME = AccentColor;
				CODE_SIGN_STYLE = Automatic;
				DEVELOPMENT_TEAM = Q3T485N255;
				INFOPLIST_FILE = "My Playmo/Info.plist";
				LD_RUNPATH_SEARCH_PATHS = (
					"$(inherited)",
					"@executable_path/Frameworks",
				);
				PRODUCT_BUNDLE_IDENTIFIER = "com.codabee.My-Playmo";
				PRODUCT_NAME = "$(TARGET_NAME)";
				SWIFT_VERSION = 5.0;
				TARGETED_DEVICE_FAMILY = "1,2";
			};
			name = Release;
		};
/* End XCBuildConfiguration section */

/* Begin XCConfigurationList section */
		08BF98052500D7BB00EC9053 /* Build configuration list for PBXProject "My Playmo" */ = {
			isa = XCConfigurationList;
			buildConfigurations = (
				08BF981C2500D7BC00EC9053 /* Debug */,
				08BF981D2500D7BC00EC9053 /* Release */,
			);
			defaultConfigurationIsVisible = 0;
			defaultConfigurationName = Release;
		};
		08BF981E2500D7BC00EC9053 /* Build configuration list for PBXNativeTarget "My Playmo" */ = {
			isa = XCConfigurationList;
			buildConfigurations = (
				08BF981F2500D7BC00EC9053 /* Debug */,
				08BF98202500D7BC00EC9053 /* Release */,
			);
			defaultConfigurationIsVisible = 0;
			defaultConfigurationName = Release;
		};
/* End XCConfigurationList section */
	};
	rootObject = 08BF98022500D7BB00EC9053 /* Project object */;
}
